
Microsoft Visual Studio Solution File, Format Version 12.00
# Visual Studio 15
VisualStudioVersion = 15.0.27428.2005
MinimumVisualStudioVersion = 10.0.40219.1
Project("{FAE04EC0-301F-11D3-BF4B-00C04F79EFBC}") = "FxiaokeSDK", "FxiaokeSDK\FxiaokeSDK.csproj", "{74596E11-3805-4A70-817C-7DFFDCC9C4D7}"
EndProject
Project("{FAE04EC0-301F-11D3-BF4B-00C04F79EFBC}") = "FxiaokeSDK.Console", "FxiaokeSDK.Console\FxiaokeSDK.Console.csproj", "{351AE672-9D96-43DB-ABD3-2A016832785C}"
EndProject
Project("{FAE04EC0-301F-11D3-BF4B-00C04F79EFBC}") = "FxiaokeSDK.Test", "FxiaokeSDK.Test\FxiaokeSDK.Test.csproj", "{A6978CA7-B18A-4526-A331-D508F478CE9A}"
EndProject
Global
	GlobalSection(SolutionConfigurationPlatforms) = preSolution
		Debug|Any CPU = Debug|Any CPU
		Release|Any CPU = Release|Any CPU
	EndGlobalSection
	GlobalSection(ProjectConfigurationPlatforms) = postSolution
		{74596E11-3805-4A70-817C-7DFFDCC9C4D7}.Debug|Any CPU.ActiveCfg = Debug|Any CPU
		{74596E11-3805-4A70-817C-7DFFDCC9C4D7}.Debug|Any CPU.Build.0 = Debug|Any CPU
		{74596E11-3805-4A70-817C-7DFFDCC9C4D7}.Release|Any CPU.ActiveCfg = Release|Any CPU
		{74596E11-3805-4A70-817C-7DFFDCC9C4D7}.Release|Any CPU.Build.0 = Release|Any CPU
		{351AE672-9D96-43DB-ABD3-2A016832785C}.Debug|Any CPU.ActiveCfg = Debug|Any CPU
		{351AE672-9D96-43DB-ABD3-2A016832785C}.Debug|Any CPU.Build.0 = Debug|Any CPU
		{351AE672-9D96-43DB-ABD3-2A016832785C}.Release|Any CPU.ActiveCfg = Release|Any CPU
		{351AE672-9D96-43DB-ABD3-2A016832785C}.Release|Any CPU.Build.0 = Release|Any CPU
		{A6978CA7-B18A-4526-A331-D508F478CE9A}.Debug|Any CPU.ActiveCfg = Debug|Any CPU
		{A6978CA7-B18A-4526-A331-D508F478CE9A}.Debug|Any CPU.Build.0 = Debug|Any CPU
		{A6978CA7-B18A-4526-A331-D508F478CE9A}.Release|Any CPU.ActiveCfg = Release|Any CPU
		{A6978CA7-B18A-4526-A331-D508F478CE9A}.Release|Any CPU.Build.0 = Release|Any CPU
	EndGlobalSection
	GlobalSection(SolutionProperties) = preSolution
		HideSolutionNode = FALSE
	EndGlobalSection
	GlobalSection(ExtensibilityGlobals) = postSolution
		SolutionGuid = {B9328E4C-1EC3-4753-8455-14AD953EEAB4}
	EndGlobalSection
EndGlobal
